
Microsoft Visual Studio Solution File, Format Version 12.00
# Visual Studio 15
VisualStudioVersion = 15.0.28307.960
MinimumVisualStudioVersion = 10.0.40219.1
Project("{FAE04EC0-301F-11D3-BF4B-00C04F79EFBC}") = "Kata_6kyu_Array.diff", "Kata_6kyu_Array.diff\Kata_6kyu_Array.diff.csproj", "{23976C61-EB7A-48A2-A759-38DDDA702A47}"
EndProject
Global
	GlobalSection(SolutionConfigurationPlatforms) = preSolution
		Debug|Any CPU = Debug|Any CPU
		Release|Any CPU = Release|Any CPU
	EndGlobalSection
	GlobalSection(ProjectConfigurationPlatforms) = postSolution
		{23976C61-EB7A-48A2-A759-38DDDA702A47}.Debug|Any CPU.ActiveCfg = Debug|Any CPU
		{23976C61-EB7A-48A2-A759-38DDDA702A47}.Debug|Any CPU.Build.0 = Debug|Any CPU
		{23976C61-EB7A-48A2-A759-38DDDA702A47}.Release|Any CPU.ActiveCfg = Release|Any CPU
		{23976C61-EB7A-48A2-A759-38DDDA702A47}.Release|Any CPU.Build.0 = Release|Any CPU
	EndGlobalSection
	GlobalSection(SolutionProperties) = preSolution
		HideSolutionNode = FALSE
	EndGlobalSection
	GlobalSection(ExtensibilityGlobals) = postSolution
		SolutionGuid = {85769DF6-1C45-4656-B3EF-46AC1257A4CA}
	EndGlobalSection
EndGlobal
